// !$*UTF8*$!
{
	archiveVersion = 1;
	classes = {
	};
	objectVersion = 50;
	objects = {

/* Begin PBXBuildFile section */
		55A1D1DC2219B86200335778 /* AppDelegate.swift in Sources */ = {isa = PBXBuildFile; fileRef = 55A1D1DB2219B86200335778 /* AppDelegate.swift */; };
		55A1D1DE2219B86200335778 /* ViewController.swift in Sources */ = {isa = PBXBuildFile; fileRef = 55A1D1DD2219B86200335778 /* ViewController.swift */; };
		55A1D1E12219B86200335778 /* Main.storyboard in Resources */ = {isa = PBXBuildFile; fileRef = 55A1D1DF2219B86200335778 /* Main.storyboard */; };
		55A1D1E32219B86300335778 /* Assets.xcassets in Resources */ = {isa = PBXBuildFile; fileRef = 55A1D1E22219B86300335778 /* Assets.xcassets */; };
		55A1D1E62219B86300335778 /* LaunchScreen.storyboard in Resources */ = {isa = PBXBuildFile; fileRef = 55A1D1E42219B86300335778 /* LaunchScreen.storyboard */; };
		55A1D1F12219B86300335778 /* ObservableWrapperDemoTests.swift in Sources */ = {isa = PBXBuildFile; fileRef = 55A1D1F02219B86300335778 /* ObservableWrapperDemoTests.swift */; };
		55A1D2052219C95900335778 /* ObservableWrapper.framework in Frameworks */ = {isa = PBXBuildFile; fileRef = 55A1D2042219C95900335778 /* ObservableWrapper.framework */; };
/* End PBXBuildFile section */

/* Begin PBXContainerItemProxy section */
		55A1D1ED2219B86300335778 /* PBXContainerItemProxy */ = {
			isa = PBXContainerItemProxy;
			containerPortal = 55A1D1D02219B86200335778 /* Project object */;
			proxyType = 1;
			remoteGlobalIDString = 55A1D1D72219B86200335778;
			remoteInfo = ObservableWrapperDemo;
		};
/* End PBXContainerItemProxy section */

/* Begin PBXFileReference section */
		55A1D1D82219B86200335778 /* ObservableWrapperDemo.app */ = {isa = PBXFileReference; explicitFileType = wrapper.application; includeInIndex = 0; path = ObservableWrapperDemo.app; sourceTree = BUILT_PRODUCTS_DIR; };
		55A1D1DB2219B86200335778 /* AppDelegate.swift */ = {isa = PBXFileReference; lastKnownFileType = sourcecode.swift; path = AppDelegate.swift; sourceTree = "<group>"; };
		55A1D1DD2219B86200335778 /* ViewController.swift */ = {isa = PBXFileReference; lastKnownFileType = sourcecode.swift; path = ViewController.swift; sourceTree = "<group>"; };
		55A1D1E02219B86200335778 /* Base */ = {isa = PBXFileReference; lastKnownFileType = file.storyboard; name = Base; path = Base.lproj/Main.storyboard; sourceTree = "<group>"; };
		55A1D1E22219B86300335778 /* Assets.xcassets */ = {isa = PBXFileReference; lastKnownFileType = folder.assetcatalog; path = Assets.xcassets; sourceTree = "<group>"; };
		55A1D1E52219B86300335778 /* Base */ = {isa = PBXFileReference; lastKnownFileType = file.storyboard; name = Base; path = Base.lproj/LaunchScreen.storyboard; sourceTree = "<group>"; };
		55A1D1E72219B86300335778 /* Info.plist */ = {isa = PBXFileReference; lastKnownFileType = text.plist.xml; path = Info.plist; sourceTree = "<group>"; };
		55A1D1EC2219B86300335778 /* ObservableWrapperDemoTests.xctest */ = {isa = PBXFileReference; explicitFileType = wrapper.cfbundle; includeInIndex = 0; path = ObservableWrapperDemoTests.xctest; sourceTree = BUILT_PRODUCTS_DIR; };
		55A1D1F02219B86300335778 /* ObservableWrapperDemoTests.swift */ = {isa = PBXFileReference; lastKnownFileType = sourcecode.swift; path = ObservableWrapperDemoTests.swift; sourceTree = "<group>"; };
		55A1D1F22219B86300335778 /* Info.plist */ = {isa = PBXFileReference; lastKnownFileType = text.plist.xml; path = Info.plist; sourceTree = "<group>"; };
		55A1D2022219C92800335778 /* ObservableWrapper.framework */ = {isa = PBXFileReference; explicitFileType = wrapper.framework; path = ObservableWrapper.framework; sourceTree = BUILT_PRODUCTS_DIR; };
		55A1D2042219C95900335778 /* ObservableWrapper.framework */ = {isa = PBXFileReference; explicitFileType = wrapper.framework; path = ObservableWrapper.framework; sourceTree = BUILT_PRODUCTS_DIR; };
/* End PBXFileReference section */

/* Begin PBXFrameworksBuildPhase section */
		55A1D1D52219B86200335778 /* Frameworks */ = {
			isa = PBXFrameworksBuildPhase;
			buildActionMask = 2147483647;
			files = (
				55A1D2052219C95900335778 /* ObservableWrapper.framework in Frameworks */,
			);
			runOnlyForDeploymentPostprocessing = 0;
		};
		55A1D1E92219B86300335778 /* Frameworks */ = {
			isa = PBXFrameworksBuildPhase;
			buildActionMask = 2147483647;
			files = (
			);
			runOnlyForDeploymentPostprocessing = 0;
		};
/* End PBXFrameworksBuildPhase section */

/* Begin PBXGroup section */
		55A1D1CF2219B86200335778 = {
			isa = PBXGroup;
			children = (
				55A1D1DA2219B86200335778 /* ObservableWrapperDemo */,
				55A1D1EF2219B86300335778 /* ObservableWrapperDemoTests */,
				55A1D1D92219B86200335778 /* Products */,
				55A1D2012219C92800335778 /* Frameworks */,
			);
			sourceTree = "<group>";
		};
		55A1D1D92219B86200335778 /* Products */ = {
			isa = PBXGroup;
			children = (
				55A1D1D82219B86200335778 /* ObservableWrapperDemo.app */,
				55A1D1EC2219B86300335778 /* ObservableWrapperDemoTests.xctest */,
			);
			name = Products;
			sourceTree = "<group>";
		};
		55A1D1DA2219B86200335778 /* ObservableWrapperDemo */ = {
			isa = PBXGroup;
			children = (
				55A1D1DB2219B86200335778 /* AppDelegate.swift */,
				55A1D1DD2219B86200335778 /* ViewController.swift */,
				55A1D1DF2219B86200335778 /* Main.storyboard */,
				55A1D1E22219B86300335778 /* Assets.xcassets */,
				55A1D1E42219B86300335778 /* LaunchScreen.storyboard */,
				55A1D1E72219B86300335778 /* Info.plist */,
			);
			path = ObservableWrapperDemo;
			sourceTree = "<group>";
		};
		55A1D1EF2219B86300335778 /* ObservableWrapperDemoTests */ = {
			isa = PBXGroup;
			children = (
				55A1D1F02219B86300335778 /* ObservableWrapperDemoTests.swift */,
				55A1D1F22219B86300335778 /* Info.plist */,
			);
			path = ObservableWrapperDemoTests;
			sourceTree = "<group>";
		};
		55A1D2012219C92800335778 /* Frameworks */ = {
			isa = PBXGroup;
			children = (
				55A1D2042219C95900335778 /* ObservableWrapper.framework */,
				55A1D2022219C92800335778 /* ObservableWrapper.framework */,
			);
			name = Frameworks;
			sourceTree = "<group>";
		};
/* End PBXGroup section */

/* Begin PBXNativeTarget section */
		55A1D1D72219B86200335778 /* ObservableWrapperDemo */ = {
			isa = PBXNativeTarget;
			buildConfigurationList = 55A1D1F52219B86300335778 /* Build configuration list for PBXNativeTarget "ObservableWrapperDemo" */;
			buildPhases = (
				55A1D1D42219B86200335778 /* Sources */,
				55A1D1D52219B86200335778 /* Frameworks */,
				55A1D1D62219B86200335778 /* Resources */,
			);
			buildRules = (
			);
			dependencies = (
			);
			name = ObservableWrapperDemo;
			productName = ObservableWrapperDemo;
			productReference = 55A1D1D82219B86200335778 /* ObservableWrapperDemo.app */;
			productType = "com.apple.product-type.application";
		};
		55A1D1EB2219B86300335778 /* ObservableWrapperDemoTests */ = {
			isa = PBXNativeTarget;
			buildConfigurationList = 55A1D1F82219B86300335778 /* Build configuration list for PBXNativeTarget "ObservableWrapperDemoTests" */;
			buildPhases = (
				55A1D1E82219B86300335778 /* Sources */,
				55A1D1E92219B86300335778 /* Frameworks */,
				55A1D1EA2219B86300335778 /* Resources */,
			);
			buildRules = (
			);
			dependencies = (
				55A1D1EE2219B86300335778 /* PBXTargetDependency */,
			);
			name = ObservableWrapperDemoTests;
			productName = ObservableWrapperDemoTests;
			productReference = 55A1D1EC2219B86300335778 /* ObservableWrapperDemoTests.xctest */;
			productType = "com.apple.product-type.bundle.unit-test";
		};
/* End PBXNativeTarget section */

/* Begin PBXProject section */
		55A1D1D02219B86200335778 /* Project object */ = {
			isa = PBXProject;
			attributes = {
				LastSwiftUpdateCheck = 1010;
				LastUpgradeCheck = 1010;
				ORGANIZATIONNAME = "Piotr Błachewicz";
				TargetAttributes = {
					55A1D1D72219B86200335778 = {
						CreatedOnToolsVersion = 10.1;
					};
					55A1D1EB2219B86300335778 = {
						CreatedOnToolsVersion = 10.1;
						TestTargetID = 55A1D1D72219B86200335778;
					};
				};
			};
			buildConfigurationList = 55A1D1D32219B86200335778 /* Build configuration list for PBXProject "ObservableWrapperDemo" */;
			compatibilityVersion = "Xcode 9.3";
			developmentRegion = en;
			hasScannedForEncodings = 0;
			knownRegions = (
				en,
				Base,
			);
			mainGroup = 55A1D1CF2219B86200335778;
			productRefGroup = 55A1D1D92219B86200335778 /* Products */;
			projectDirPath = "";
			projectRoot = "";
			targets = (
				55A1D1D72219B86200335778 /* ObservableWrapperDemo */,
				55A1D1EB2219B86300335778 /* ObservableWrapperDemoTests */,
			);
		};
/* End PBXProject section */

/* Begin PBXResourcesBuildPhase section */
		55A1D1D62219B86200335778 /* Resources */ = {
			isa = PBXResourcesBuildPhase;
			buildActionMask = 2147483647;
			files = (
				55A1D1E62219B86300335778 /* LaunchScreen.storyboard in Resources */,
				55A1D1E32219B86300335778 /* Assets.xcassets in Resources */,
				55A1D1E12219B86200335778 /* Main.storyboard in Resources */,
			);
			runOnlyForDeploymentPostprocessing = 0;
		};
		55A1D1EA2219B86300335778 /* Resources */ = {
			isa = PBXResourcesBuildPhase;
			buildActionMask = 2147483647;
			files = (
			);
			runOnlyForDeploymentPostprocessing = 0;
		};
/* End PBXResourcesBuildPhase section */

/* Begin PBXSourcesBuildPhase section */
		55A1D1D42219B86200335778 /* Sources */ = {
			isa = PBXSourcesBuildPhase;
			buildActionMask = 2147483647;
			files = (
				55A1D1DE2219B86200335778 /* ViewController.swift in Sources */,
				55A1D1DC2219B86200335778 /* AppDelegate.swift in Sources */,
			);
			runOnlyForDeploymentPostprocessing = 0;
		};
		55A1D1E82219B86300335778 /* Sources */ = {
			isa = PBXSourcesBuildPhase;
			buildActionMask = 2147483647;
			files = (
				55A1D1F12219B86300335778 /* ObservableWrapperDemoTests.swift in Sources */,
			);
			runOnlyForDeploymentPostprocessing = 0;
		};
/* End PBXSourcesBuildPhase section */

/* Begin PBXTargetDependency section */
		55A1D1EE2219B86300335778 /* PBXTargetDependency */ = {
			isa = PBXTargetDependency;
			target = 55A1D1D72219B86200335778 /* ObservableWrapperDemo */;
			targetProxy = 55A1D1ED2219B86300335778 /* PBXContainerItemProxy */;
		};
/* End PBXTargetDependency section */

/* Begin PBXVariantGroup section */
		55A1D1DF2219B86200335778 /* Main.storyboard */ = {
			isa = PBXVariantGroup;
			children = (
				55A1D1E02219B86200335778 /* Base */,
			);
			name = Main.storyboard;
			sourceTree = "<group>";
		};
		55A1D1E42219B86300335778 /* LaunchScreen.storyboard */ = {
			isa = PBXVariantGroup;
			children = (
				55A1D1E52219B86300335778 /* Base */,
			);
			name = LaunchScreen.storyboard;
			sourceTree = "<group>";
		};
/* End PBXVariantGroup section */

/* Begin XCBuildConfiguration section */
		55A1D1F32219B86300335778 /* Debug */ = {
			isa = XCBuildConfiguration;
			buildSettings = {
				ALWAYS_SEARCH_USER_PATHS = NO;
				CLANG_ANALYZER_NONNULL = YES;
				CLANG_ANALYZER_NUMBER_OBJECT_CONVERSION = YES_AGGRESSIVE;
				CLANG_CXX_LANGUAGE_STANDARD = "gnu++14";
				CLANG_CXX_LIBRARY = "libc++";
				CLANG_ENABLE_MODULES = YES;
				CLANG_ENABLE_OBJC_ARC = YES;
				CLANG_ENABLE_OBJC_WEAK = YES;
				CLANG_WARN_BLOCK_CAPTURE_AUTORELEASING = YES;
				CLANG_WARN_BOOL_CONVERSION = YES;
				CLANG_WARN_COMMA = YES;
				CLANG_WARN_CONSTANT_CONVERSION = YES;
				CLANG_WARN_DEPRECATED_OBJC_IMPLEMENTATIONS = YES;
				CLANG_WARN_DIRECT_OBJC_ISA_USAGE = YES_ERROR;
				CLANG_WARN_DOCUMENTATION_COMMENTS = YES;
				CLANG_WARN_EMPTY_BODY = YES;
				CLANG_WARN_ENUM_CONVERSION = YES;
				CLANG_WARN_INFINITE_RECURSION = YES;
				CLANG_WARN_INT_CONVERSION = YES;
				CLANG_WARN_NON_LITERAL_NULL_CONVERSION = YES;
				CLANG_WARN_OBJC_IMPLICIT_RETAIN_SELF = YES;
				CLANG_WARN_OBJC_LITERAL_CONVERSION = YES;
				CLANG_WARN_OBJC_ROOT_CLASS = YES_ERROR;
				CLANG_WARN_RANGE_LOOP_ANALYSIS = YES;
				CLANG_WARN_STRICT_PROTOTYPES = YES;
				CLANG_WARN_SUSPICIOUS_MOVE = YES;
				CLANG_WARN_UNGUARDED_AVAILABILITY = YES_AGGRESSIVE;
				CLANG_WARN_UNREACHABLE_CODE = YES;
				CLANG_WARN__DUPLICATE_METHOD_MATCH = YES;
				CODE_SIGN_IDENTITY = "iPhone Developer";
				COPY_PHASE_STRIP = NO;
				DEBUG_INFORMATION_FORMAT = dwarf;
				ENABLE_STRICT_OBJC_MSGSEND = YES;
				ENABLE_TESTABILITY = YES;
				GCC_C_LANGUAGE_STANDARD = gnu11;
				GCC_DYNAMIC_NO_PIC = NO;
				GCC_NO_COMMON_BLOCKS = YES;
				GCC_OPTIMIZATION_LEVEL = 0;
				GCC_PREPROCESSOR_DEFINITIONS = (
					"DEBUG=1",
					"$(inherited)",
				);
				GCC_WARN_64_TO_32_BIT_CONVERSION = YES;
				GCC_WARN_ABOUT_RETURN_TYPE = YES_ERROR;
				GCC_WARN_UNDECLARED_SELECTOR = YES;
				GCC_WARN_UNINITIALIZED_AUTOS = YES_AGGRESSIVE;
				GCC_WARN_UNUSED_FUNCTION = YES;
				GCC_WARN_UNUSED_VARIABLE = YES;
				IPHONEOS_DEPLOYMENT_TARGET = 12.1;
				MTL_ENABLE_DEBUG_INFO = INCLUDE_SOURCE;
				MTL_FAST_MATH = YES;
				ONLY_ACTIVE_ARCH = YES;
				SDKROOT = iphoneos;
				SWIFT_ACTIVE_COMPILATION_CONDITIONS = DEBUG;
				SWIFT_OPTIMIZATION_LEVEL = "-Onone";
			};
			name = Debug;
		};
		55A1D1F42219B86300335778 /* Release */ = {
			isa = XCBuildConfiguration;
			buildSettings = {
				ALWAYS_SEARCH_USER_PATHS = NO;
				CLANG_ANALYZER_NONNULL = YES;
				CLANG_ANALYZER_NUMBER_OBJECT_CONVERSION = YES_AGGRESSIVE;
				CLANG_CXX_LANGUAGE_STANDARD = "gnu++14";
				CLANG_CXX_LIBRARY = "libc++";
				CLANG_ENABLE_MODULES = YES;
				CLANG_ENABLE_OBJC_ARC = YES;
				CLANG_ENABLE_OBJC_WEAK = YES;
				CLANG_WARN_BLOCK_CAPTURE_AUTORELEASING = YES;
				CLANG_WARN_BOOL_CONVERSION = YES;
				CLANG_WARN_COMMA = YES;
				CLANG_WARN_CONSTANT_CONVERSION = YES;
				CLANG_WARN_DEPRECATED_OBJC_IMPLEMENTATIONS = YES;
				CLANG_WARN_DIRECT_OBJC_ISA_USAGE = YES_ERROR;
				CLANG_WARN_DOCUMENTATION_COMMENTS = YES;
				CLANG_WARN_EMPTY_BODY = YES;
				CLANG_WARN_ENUM_CONVERSION = YES;
				CLANG_WARN_INFINITE_RECURSION = YES;
				CLANG_WARN_INT_CONVERSION = YES;
				CLANG_WARN_NON_LITERAL_NULL_CONVERSION = YES;
				CLANG_WARN_OBJC_IMPLICIT_RETAIN_SELF = YES;
				CLANG_WARN_OBJC_LITERAL_CONVERSION = YES;
				CLANG_WARN_OBJC_ROOT_CLASS = YES_ERROR;
				CLANG_WARN_RANGE_LOOP_ANALYSIS = YES;
				CLANG_WARN_STRICT_PROTOTYPES = YES;
				CLANG_WARN_SUSPICIOUS_MOVE = YES;
				CLANG_WARN_UNGUARDED_AVAILABILITY = YES_AGGRESSIVE;
				CLANG_WARN_UNREACHABLE_CODE = YES;
				CLANG_WARN__DUPLICATE_METHOD_MATCH = YES;
				CODE_SIGN_IDENTITY = "iPhone Developer";
				COPY_PHASE_STRIP = NO;
				DEBUG_INFORMATION_FORMAT = "dwarf-with-dsym";
				ENABLE_NS_ASSERTIONS = NO;
				ENABLE_STRICT_OBJC_MSGSEND = YES;
				GCC_C_LANGUAGE_STANDARD = gnu11;
				GCC_NO_COMMON_BLOCKS = YES;
				GCC_WARN_64_TO_32_BIT_CONVERSION = YES;
				GCC_WARN_ABOUT_RETURN_TYPE = YES_ERROR;
				GCC_WARN_UNDECLARED_SELECTOR = YES;
				GCC_WARN_UNINITIALIZED_AUTOS = YES_AGGRESSIVE;
				GCC_WARN_UNUSED_FUNCTION = YES;
				GCC_WARN_UNUSED_VARIABLE = YES;
				IPHONEOS_DEPLOYMENT_TARGET = 12.1;
				MTL_ENABLE_DEBUG_INFO = NO;
				MTL_FAST_MATH = YES;
				SDKROOT = iphoneos;
				SWIFT_COMPILATION_MODE = wholemodule;
				SWIFT_OPTIMIZATION_LEVEL = "-O";
				VALIDATE_PRODUCT = YES;
			};
			name = Release;
		};
		55A1D1F62219B86300335778 /* Debug */ = {
			isa = XCBuildConfiguration;
			buildSettings = {
				ASSETCATALOG_COMPILER_APPICON_NAME = AppIcon;
				CODE_SIGN_STYLE = Automatic;
				INFOPLIST_FILE = ObservableWrapperDemo/Info.plist;
				LD_RUNPATH_SEARCH_PATHS = (
					"$(inherited)",
					"@executable_path/Frameworks",
				);
				PRODUCT_BUNDLE_IDENTIFIER = com.blaszku.ObservableWrapperDemo;
				PRODUCT_NAME = "$(TARGET_NAME)";
				SWIFT_VERSION = 4.2;
				TARGETED_DEVICE_FAMILY = "1,2";
			};
			name = Debug;
		};
		55A1D1F72219B86300335778 /* Release */ = {
			isa = XCBuildConfiguration;
			buildSettings = {
				ASSETCATALOG_COMPILER_APPICON_NAME = AppIcon;
				CODE_SIGN_STYLE = Automatic;
				INFOPLIST_FILE = ObservableWrapperDemo/Info.plist;
				LD_RUNPATH_SEARCH_PATHS = (
					"$(inherited)",
					"@executable_path/Frameworks",
				);
				PRODUCT_BUNDLE_IDENTIFIER = com.blaszku.ObservableWrapperDemo;
				PRODUCT_NAME = "$(TARGET_NAME)";
				SWIFT_VERSION = 4.2;
				TARGETED_DEVICE_FAMILY = "1,2";
			};
			name = Release;
		};
		55A1D1F92219B86300335778 /* Debug */ = {
			isa = XCBuildConfiguration;
			buildSettings = {
				ALWAYS_EMBED_SWIFT_STANDARD_LIBRARIES = YES;
				BUNDLE_LOADER = "$(TEST_HOST)";
				CODE_SIGN_STYLE = Automatic;
				INFOPLIST_FILE = ObservableWrapperDemoTests/Info.plist;
				LD_RUNPATH_SEARCH_PATHS = (
					"$(inherited)",
					"@executable_path/Frameworks",
					"@loader_path/Frameworks",
				);
				PRODUCT_BUNDLE_IDENTIFIER = com.blaszku.ObservableWrapperDemoTests;
				PRODUCT_NAME = "$(TARGET_NAME)";
				SWIFT_VERSION = 4.2;
				TARGETED_DEVICE_FAMILY = "1,2";
				TEST_HOST = "$(BUILT_PRODUCTS_DIR)/ObservableWrapperDemo.app/ObservableWrapperDemo";
			};
			name = Debug;
		};
		55A1D1FA2219B86300335778 /* Release */ = {
			isa = XCBuildConfiguration;
			buildSettings = {
				ALWAYS_EMBED_SWIFT_STANDARD_LIBRARIES = YES;
				BUNDLE_LOADER = "$(TEST_HOST)";
				CODE_SIGN_STYLE = Automatic;
				INFOPLIST_FILE = ObservableWrapperDemoTests/Info.plist;
				LD_RUNPATH_SEARCH_PATHS = (
					"$(inherited)",
					"@executable_path/Frameworks",
					"@loader_path/Frameworks",
				);
				PRODUCT_BUNDLE_IDENTIFIER = com.blaszku.ObservableWrapperDemoTests;
				PRODUCT_NAME = "$(TARGET_NAME)";
				SWIFT_VERSION = 4.2;
				TARGETED_DEVICE_FAMILY = "1,2";
				TEST_HOST = "$(BUILT_PRODUCTS_DIR)/ObservableWrapperDemo.app/ObservableWrapperDemo";
			};
			name = Release;
		};
/* End XCBuildConfiguration section */

/* Begin XCConfigurationList section */
		55A1D1D32219B86200335778 /* Build configuration list for PBXProject "ObservableWrapperDemo" */ = {
			isa = XCConfigurationList;
			buildConfigurations = (
				55A1D1F32219B86300335778 /* Debug */,
				55A1D1F42219B86300335778 /* Release */,
			);
			defaultConfigurationIsVisible = 0;
			defaultConfigurationName = Release;
		};
		55A1D1F52219B86300335778 /* Build configuration list for PBXNativeTarget "ObservableWrapperDemo" */ = {
			isa = XCConfigurationList;
			buildConfigurations = (
				55A1D1F62219B86300335778 /* Debug */,
				55A1D1F72219B86300335778 /* Release */,
			);
			defaultConfigurationIsVisible = 0;
			defaultConfigurationName = Release;
		};
		55A1D1F82219B86300335778 /* Build configuration list for PBXNativeTarget "ObservableWrapperDemoTests" */ = {
			isa = XCConfigurationList;
			buildConfigurations = (
				55A1D1F92219B86300335778 /* Debug */,
				55A1D1FA2219B86300335778 /* Release */,
			);
			defaultConfigurationIsVisible = 0;
			defaultConfigurationName = Release;
		};
/* End XCConfigurationList section */
	};
	rootObject = 55A1D1D02219B86200335778 /* Project object */;
}
